
Microsoft Visual Studio Solution File, Format Version 12.00
# Visual Studio Version 17
VisualStudioVersion = 17.12.35527.113
MinimumVisualStudioVersion = 10.0.40219.1
Project("{FAE04EC0-301F-11D3-BF4B-00C04F79EFBC}") = "XM.App.Runner", "XM.App.Runner\XM.App.Runner.csproj", "{6235C3D6-967E-4DD1-97D5-D59643B6E8CA}"
EndProject
Project("{FAE04EC0-301F-11D3-BF4B-00C04F79EFBC}") = "XM.App.CLI", "XM.App.CLI\XM.App.CLI.csproj", "{1CC0F210-5F61-4763-AECA-C5D769A1DD13}"
EndProject
Project("{FAE04EC0-301F-11D3-BF4B-00C04F79EFBC}") = "XM.Shared.API", "XM.Shared.API\XM.Shared.API.csproj", "{DA720873-0E02-4FFE-B0A8-E795F27BA2B4}"
EndProject
Project("{FAE04EC0-301F-11D3-BF4B-00C04F79EFBC}") = "XM.Shared.Core", "XM.Shared.Core\XM.Shared.Core.csproj", "{EFBD34CF-106F-43A6-B395-B017A35BD62E}"
EndProject
Project("{FAE04EC0-301F-11D3-BF4B-00C04F79EFBC}") = "XM.Plugin.Chat", "XM.Plugin.Chat\XM.Plugin.Chat.csproj", "{FAC1830F-FE6F-4CD6-9677-55E2AA3E49CA}"
EndProject
Project("{FAE04EC0-301F-11D3-BF4B-00C04F79EFBC}") = "XM.Shared.UI", "XM.Shared.UI\XM.Shared.UI.csproj", "{371DDAF0-BB41-4CA0-A124-20DBE1B84A30}"
EndProject
Project("{FAE04EC0-301F-11D3-BF4B-00C04F79EFBC}") = "XM.Shared.Inventory", "XM.Shared.Inventory\XM.Shared.Inventory.csproj", "{C98371B7-B6A8-49E0-87A2-F104DAC704B4}"
EndProject
Project("{FAE04EC0-301F-11D3-BF4B-00C04F79EFBC}") = "XM.Plugin.Spawn", "XM.Plugin.Spawn\XM.Plugin.Spawn.csproj", "{4281670C-999B-442E-9C0A-A6767A7851B6}"
EndProject
Project("{FAE04EC0-301F-11D3-BF4B-00C04F79EFBC}") = "XM.Shared.AI", "XM.Shared.AI\XM.Shared.AI.csproj", "{7FAED2C7-88F3-473B-B8EC-197966446A67}"
EndProject
Project("{FAE04EC0-301F-11D3-BF4B-00C04F79EFBC}") = "XM.Plugin.Combat", "XM.Plugin.Combat\XM.Plugin.Combat.csproj", "{0FEEFDA6-2CA9-4722-A9D2-5C229C85C3E3}"
EndProject
Project("{FAE04EC0-301F-11D3-BF4B-00C04F79EFBC}") = "XM.Plugin.Migration", "XM.Plugin.Migration\XM.Plugin.Migration.csproj", "{1E30C887-B95A-4900-A6F1-62814A93DC01}"
EndProject
Project("{FAE04EC0-301F-11D3-BF4B-00C04F79EFBC}") = "XM.Plugin.Quest", "XM.Plugin.Quest\XM.Plugin.Quest.csproj", "{B47AD0C2-79CD-44F9-A4F9-DF8646004D7E}"
EndProject
Project("{FAE04EC0-301F-11D3-BF4B-00C04F79EFBC}") = "XM.Shared.Progression", "XM.Shared.Progression\XM.Shared.Progression.csproj", "{2CE4FC05-0101-44CD-B3C9-CF532EC6D12D}"
EndProject
Project("{FAE04EC0-301F-11D3-BF4B-00C04F79EFBC}") = "XM.App.Database", "XM.App.Database\XM.App.Database.csproj", "{AFA0A7B9-3F91-42DA-A4C0-57BB529205D8}"
EndProject
Global
	GlobalSection(SolutionConfigurationPlatforms) = preSolution
		Debug|Any CPU = Debug|Any CPU
		Release|Any CPU = Release|Any CPU
	EndGlobalSection
	GlobalSection(ProjectConfigurationPlatforms) = postSolution
		{6235C3D6-967E-4DD1-97D5-D59643B6E8CA}.Debug|Any CPU.ActiveCfg = Debug|Any CPU
		{6235C3D6-967E-4DD1-97D5-D59643B6E8CA}.Debug|Any CPU.Build.0 = Debug|Any CPU
		{6235C3D6-967E-4DD1-97D5-D59643B6E8CA}.Release|Any CPU.ActiveCfg = Release|Any CPU
		{6235C3D6-967E-4DD1-97D5-D59643B6E8CA}.Release|Any CPU.Build.0 = Release|Any CPU
		{1CC0F210-5F61-4763-AECA-C5D769A1DD13}.Debug|Any CPU.ActiveCfg = Debug|Any CPU
		{1CC0F210-5F61-4763-AECA-C5D769A1DD13}.Debug|Any CPU.Build.0 = Debug|Any CPU
		{1CC0F210-5F61-4763-AECA-C5D769A1DD13}.Release|Any CPU.ActiveCfg = Release|Any CPU
		{1CC0F210-5F61-4763-AECA-C5D769A1DD13}.Release|Any CPU.Build.0 = Release|Any CPU
		{DA720873-0E02-4FFE-B0A8-E795F27BA2B4}.Debug|Any CPU.ActiveCfg = Debug|Any CPU
		{DA720873-0E02-4FFE-B0A8-E795F27BA2B4}.Debug|Any CPU.Build.0 = Debug|Any CPU
		{DA720873-0E02-4FFE-B0A8-E795F27BA2B4}.Release|Any CPU.ActiveCfg = Release|Any CPU
		{DA720873-0E02-4FFE-B0A8-E795F27BA2B4}.Release|Any CPU.Build.0 = Release|Any CPU
		{EFBD34CF-106F-43A6-B395-B017A35BD62E}.Debug|Any CPU.ActiveCfg = Debug|Any CPU
		{EFBD34CF-106F-43A6-B395-B017A35BD62E}.Debug|Any CPU.Build.0 = Debug|Any CPU
		{EFBD34CF-106F-43A6-B395-B017A35BD62E}.Release|Any CPU.ActiveCfg = Release|Any CPU
		{EFBD34CF-106F-43A6-B395-B017A35BD62E}.Release|Any CPU.Build.0 = Release|Any CPU
		{FAC1830F-FE6F-4CD6-9677-55E2AA3E49CA}.Debug|Any CPU.ActiveCfg = Debug|Any CPU
		{FAC1830F-FE6F-4CD6-9677-55E2AA3E49CA}.Debug|Any CPU.Build.0 = Debug|Any CPU
		{FAC1830F-FE6F-4CD6-9677-55E2AA3E49CA}.Release|Any CPU.ActiveCfg = Release|Any CPU
		{FAC1830F-FE6F-4CD6-9677-55E2AA3E49CA}.Release|Any CPU.Build.0 = Release|Any CPU
		{371DDAF0-BB41-4CA0-A124-20DBE1B84A30}.Debug|Any CPU.ActiveCfg = Debug|Any CPU
		{371DDAF0-BB41-4CA0-A124-20DBE1B84A30}.Debug|Any CPU.Build.0 = Debug|Any CPU
		{371DDAF0-BB41-4CA0-A124-20DBE1B84A30}.Release|Any CPU.ActiveCfg = Release|Any CPU
		{371DDAF0-BB41-4CA0-A124-20DBE1B84A30}.Release|Any CPU.Build.0 = Release|Any CPU
		{C98371B7-B6A8-49E0-87A2-F104DAC704B4}.Debug|Any CPU.ActiveCfg = Debug|Any CPU
		{C98371B7-B6A8-49E0-87A2-F104DAC704B4}.Debug|Any CPU.Build.0 = Debug|Any CPU
		{C98371B7-B6A8-49E0-87A2-F104DAC704B4}.Release|Any CPU.ActiveCfg = Release|Any CPU
		{C98371B7-B6A8-49E0-87A2-F104DAC704B4}.Release|Any CPU.Build.0 = Release|Any CPU
		{4281670C-999B-442E-9C0A-A6767A7851B6}.Debug|Any CPU.ActiveCfg = Debug|Any CPU
		{4281670C-999B-442E-9C0A-A6767A7851B6}.Debug|Any CPU.Build.0 = Debug|Any CPU
		{4281670C-999B-442E-9C0A-A6767A7851B6}.Release|Any CPU.ActiveCfg = Release|Any CPU
		{4281670C-999B-442E-9C0A-A6767A7851B6}.Release|Any CPU.Build.0 = Release|Any CPU
		{7FAED2C7-88F3-473B-B8EC-197966446A67}.Debug|Any CPU.ActiveCfg = Debug|Any CPU
		{7FAED2C7-88F3-473B-B8EC-197966446A67}.Debug|Any CPU.Build.0 = Debug|Any CPU
		{7FAED2C7-88F3-473B-B8EC-197966446A67}.Release|Any CPU.ActiveCfg = Release|Any CPU
		{7FAED2C7-88F3-473B-B8EC-197966446A67}.Release|Any CPU.Build.0 = Release|Any CPU
		{0FEEFDA6-2CA9-4722-A9D2-5C229C85C3E3}.Debug|Any CPU.ActiveCfg = Debug|Any CPU
		{0FEEFDA6-2CA9-4722-A9D2-5C229C85C3E3}.Debug|Any CPU.Build.0 = Debug|Any CPU
		{0FEEFDA6-2CA9-4722-A9D2-5C229C85C3E3}.Release|Any CPU.ActiveCfg = Release|Any CPU
		{0FEEFDA6-2CA9-4722-A9D2-5C229C85C3E3}.Release|Any CPU.Build.0 = Release|Any CPU
		{1E30C887-B95A-4900-A6F1-62814A93DC01}.Debug|Any CPU.ActiveCfg = Debug|Any CPU
		{1E30C887-B95A-4900-A6F1-62814A93DC01}.Debug|Any CPU.Build.0 = Debug|Any CPU
		{1E30C887-B95A-4900-A6F1-62814A93DC01}.Release|Any CPU.ActiveCfg = Release|Any CPU
		{1E30C887-B95A-4900-A6F1-62814A93DC01}.Release|Any CPU.Build.0 = Release|Any CPU
		{B47AD0C2-79CD-44F9-A4F9-DF8646004D7E}.Debug|Any CPU.ActiveCfg = Debug|Any CPU
		{B47AD0C2-79CD-44F9-A4F9-DF8646004D7E}.Debug|Any CPU.Build.0 = Debug|Any CPU
		{B47AD0C2-79CD-44F9-A4F9-DF8646004D7E}.Release|Any CPU.ActiveCfg = Release|Any CPU
		{B47AD0C2-79CD-44F9-A4F9-DF8646004D7E}.Release|Any CPU.Build.0 = Release|Any CPU
		{2CE4FC05-0101-44CD-B3C9-CF532EC6D12D}.Debug|Any CPU.ActiveCfg = Debug|Any CPU
		{2CE4FC05-0101-44CD-B3C9-CF532EC6D12D}.Debug|Any CPU.Build.0 = Debug|Any CPU
		{2CE4FC05-0101-44CD-B3C9-CF532EC6D12D}.Release|Any CPU.ActiveCfg = Release|Any CPU
		{2CE4FC05-0101-44CD-B3C9-CF532EC6D12D}.Release|Any CPU.Build.0 = Release|Any CPU
		{AFA0A7B9-3F91-42DA-A4C0-57BB529205D8}.Debug|Any CPU.ActiveCfg = Debug|Any CPU
		{AFA0A7B9-3F91-42DA-A4C0-57BB529205D8}.Debug|Any CPU.Build.0 = Debug|Any CPU
		{AFA0A7B9-3F91-42DA-A4C0-57BB529205D8}.Release|Any CPU.ActiveCfg = Release|Any CPU
		{AFA0A7B9-3F91-42DA-A4C0-57BB529205D8}.Release|Any CPU.Build.0 = Release|Any CPU
	EndGlobalSection
	GlobalSection(SolutionProperties) = preSolution
		HideSolutionNode = FALSE
	EndGlobalSection
EndGlobal
